
Microsoft Visual Studio Solution File, Format Version 12.00
# Visual Studio Version 17
VisualStudioVersion = 17.9.34728.123
MinimumVisualStudioVersion = 10.0.40219.1
Project("{9A19103F-16F7-4668-BE54-9A1E7A4F7556}") = "TechnologyKeeda.Web", "TechnologyKeeda.Web\TechnologyKeeda.Web.csproj", "{B2180453-ADBD-4C1F-8305-20E68C0D62F1}"
EndProject
Project("{FAE04EC0-301F-11D3-BF4B-00C04F79EFBC}") = "TechnologyKeeda.Entities", "TechnologyKeeda.Entities\TechnologyKeeda.Entities.csproj", "{4DDE2C50-5711-41F5-B840-D2BA7BB7F8A6}"
EndProject
Project("{FAE04EC0-301F-11D3-BF4B-00C04F79EFBC}") = "TechnologyKeeda.Repositories", "TechnologyKeeda.Repositories\TechnologyKeeda.Repositories.csproj", "{449D2D61-21AF-4A06-B670-1106146AA4FB}"
EndProject
Project("{FAE04EC0-301F-11D3-BF4B-00C04F79EFBC}") = "TechnologyKeeda.UI", "TechnologyKeeda.UI\TechnologyKeeda.UI.csproj", "{E3C305FE-11CE-49F4-9E35-ED1DDC7ACDDC}"
EndProject
Project("{FAE04EC0-301F-11D3-BF4B-00C04F79EFBC}") = "ConcertBooking.Entities", "ConcertBooking.Entities\ConcertBooking.Entities.csproj", "{0BD56104-9A7E-4D13-B27E-835BBEA7375D}"
EndProject
Project("{FAE04EC0-301F-11D3-BF4B-00C04F79EFBC}") = "ConcertBooking.Repositories", "ConcertBooking.Repositories\ConcertBooking.Repositories.csproj", "{BA1980BE-0164-48F9-A1FA-F5292CA24D9B}"
EndProject
Project("{FAE04EC0-301F-11D3-BF4B-00C04F79EFBC}") = "ConcertBooking.WebHost", "ConcertBooking.WebHost\ConcertBooking.WebHost.csproj", "{942F10E8-4A5D-4D93-AEB6-83F86BEFEA3A}"
EndProject
Global
	GlobalSection(SolutionConfigurationPlatforms) = preSolution
		Debug|Any CPU = Debug|Any CPU
		Release|Any CPU = Release|Any CPU
	EndGlobalSection
	GlobalSection(ProjectConfigurationPlatforms) = postSolution
		{B2180453-ADBD-4C1F-8305-20E68C0D62F1}.Debug|Any CPU.ActiveCfg = Debug|Any CPU
		{B2180453-ADBD-4C1F-8305-20E68C0D62F1}.Debug|Any CPU.Build.0 = Debug|Any CPU
		{B2180453-ADBD-4C1F-8305-20E68C0D62F1}.Release|Any CPU.ActiveCfg = Release|Any CPU
		{B2180453-ADBD-4C1F-8305-20E68C0D62F1}.Release|Any CPU.Build.0 = Release|Any CPU
		{4DDE2C50-5711-41F5-B840-D2BA7BB7F8A6}.Debug|Any CPU.ActiveCfg = Debug|Any CPU
		{4DDE2C50-5711-41F5-B840-D2BA7BB7F8A6}.Debug|Any CPU.Build.0 = Debug|Any CPU
		{4DDE2C50-5711-41F5-B840-D2BA7BB7F8A6}.Release|Any CPU.ActiveCfg = Release|Any CPU
		{4DDE2C50-5711-41F5-B840-D2BA7BB7F8A6}.Release|Any CPU.Build.0 = Release|Any CPU
		{449D2D61-21AF-4A06-B670-1106146AA4FB}.Debug|Any CPU.ActiveCfg = Debug|Any CPU
		{449D2D61-21AF-4A06-B670-1106146AA4FB}.Debug|Any CPU.Build.0 = Debug|Any CPU
		{449D2D61-21AF-4A06-B670-1106146AA4FB}.Release|Any CPU.ActiveCfg = Release|Any CPU
		{449D2D61-21AF-4A06-B670-1106146AA4FB}.Release|Any CPU.Build.0 = Release|Any CPU
		{E3C305FE-11CE-49F4-9E35-ED1DDC7ACDDC}.Debug|Any CPU.ActiveCfg = Debug|Any CPU
		{E3C305FE-11CE-49F4-9E35-ED1DDC7ACDDC}.Debug|Any CPU.Build.0 = Debug|Any CPU
		{E3C305FE-11CE-49F4-9E35-ED1DDC7ACDDC}.Release|Any CPU.ActiveCfg = Release|Any CPU
		{E3C305FE-11CE-49F4-9E35-ED1DDC7ACDDC}.Release|Any CPU.Build.0 = Release|Any CPU
		{0BD56104-9A7E-4D13-B27E-835BBEA7375D}.Debug|Any CPU.ActiveCfg = Debug|Any CPU
		{0BD56104-9A7E-4D13-B27E-835BBEA7375D}.Debug|Any CPU.Build.0 = Debug|Any CPU
		{0BD56104-9A7E-4D13-B27E-835BBEA7375D}.Release|Any CPU.ActiveCfg = Release|Any CPU
		{0BD56104-9A7E-4D13-B27E-835BBEA7375D}.Release|Any CPU.Build.0 = Release|Any CPU
		{BA1980BE-0164-48F9-A1FA-F5292CA24D9B}.Debug|Any CPU.ActiveCfg = Debug|Any CPU
		{BA1980BE-0164-48F9-A1FA-F5292CA24D9B}.Debug|Any CPU.Build.0 = Debug|Any CPU
		{BA1980BE-0164-48F9-A1FA-F5292CA24D9B}.Release|Any CPU.ActiveCfg = Release|Any CPU
		{BA1980BE-0164-48F9-A1FA-F5292CA24D9B}.Release|Any CPU.Build.0 = Release|Any CPU
		{942F10E8-4A5D-4D93-AEB6-83F86BEFEA3A}.Debug|Any CPU.ActiveCfg = Debug|Any CPU
		{942F10E8-4A5D-4D93-AEB6-83F86BEFEA3A}.Debug|Any CPU.Build.0 = Debug|Any CPU
		{942F10E8-4A5D-4D93-AEB6-83F86BEFEA3A}.Release|Any CPU.ActiveCfg = Release|Any CPU
		{942F10E8-4A5D-4D93-AEB6-83F86BEFEA3A}.Release|Any CPU.Build.0 = Release|Any CPU
	EndGlobalSection
	GlobalSection(SolutionProperties) = preSolution
		HideSolutionNode = FALSE
	EndGlobalSection
	GlobalSection(ExtensibilityGlobals) = postSolution
		SolutionGuid = {3D8BFB07-CCE0-43E4-94E9-3A2841D376C7}
	EndGlobalSection
EndGlobal
